
Microsoft Visual Studio Solution File, Format Version 12.00
# Visual Studio 14
VisualStudioVersion = 14.0.25420.1
MinimumVisualStudioVersion = 10.0.40219.1
Project("{FAE04EC0-301F-11D3-BF4B-00C04F79EFBC}") = "LMS", "LMS\LMS.csproj", "{DF084CF5-3F6D-46FB-9636-7B2F1D94AD2C}"
EndProject
Project("{FAE04EC0-301F-11D3-BF4B-00C04F79EFBC}") = "CommonGUI", "CommonGUI\CommonGUI.csproj", "{DBB529CB-5C1C-4A8C-A604-611DFD937854}"
EndProject
Global
	GlobalSection(SolutionConfigurationPlatforms) = preSolution
		Debug|Any CPU = Debug|Any CPU
		Release|Any CPU = Release|Any CPU
	EndGlobalSection
	GlobalSection(ProjectConfigurationPlatforms) = postSolution
		{DF084CF5-3F6D-46FB-9636-7B2F1D94AD2C}.Debug|Any CPU.ActiveCfg = Debug|Any CPU
		{DF084CF5-3F6D-46FB-9636-7B2F1D94AD2C}.Debug|Any CPU.Build.0 = Debug|Any CPU
		{DF084CF5-3F6D-46FB-9636-7B2F1D94AD2C}.Release|Any CPU.ActiveCfg = Release|Any CPU
		{DF084CF5-3F6D-46FB-9636-7B2F1D94AD2C}.Release|Any CPU.Build.0 = Release|Any CPU
		{DBB529CB-5C1C-4A8C-A604-611DFD937854}.Debug|Any CPU.ActiveCfg = Debug|Any CPU
		{DBB529CB-5C1C-4A8C-A604-611DFD937854}.Debug|Any CPU.Build.0 = Debug|Any CPU
		{DBB529CB-5C1C-4A8C-A604-611DFD937854}.Release|Any CPU.ActiveCfg = Release|Any CPU
		{DBB529CB-5C1C-4A8C-A604-611DFD937854}.Release|Any CPU.Build.0 = Release|Any CPU
	EndGlobalSection
	GlobalSection(SolutionProperties) = preSolution
		HideSolutionNode = FALSE
	EndGlobalSection
EndGlobal
